
Microsoft Visual Studio Solution File, Format Version 12.00
# Visual Studio Version 16
VisualStudioVersion = 16.0.808.3
MinimumVisualStudioVersion = 10.0.40219.1
Project("{FAE04EC0-301F-11D3-BF4B-00C04F79EFBC}") = "ch5_methods", "ch5_methods.csproj", "{7971A17A-8073-4A9F-9A6A-D253226276AD}"
EndProject
Global
	GlobalSection(SolutionConfigurationPlatforms) = preSolution
		Debug|Any CPU = Debug|Any CPU
		Release|Any CPU = Release|Any CPU
	EndGlobalSection
	GlobalSection(ProjectConfigurationPlatforms) = postSolution
		{7971A17A-8073-4A9F-9A6A-D253226276AD}.Debug|Any CPU.ActiveCfg = Debug|Any CPU
		{7971A17A-8073-4A9F-9A6A-D253226276AD}.Debug|Any CPU.Build.0 = Debug|Any CPU
		{7971A17A-8073-4A9F-9A6A-D253226276AD}.Release|Any CPU.ActiveCfg = Release|Any CPU
		{7971A17A-8073-4A9F-9A6A-D253226276AD}.Release|Any CPU.Build.0 = Release|Any CPU
	EndGlobalSection
	GlobalSection(SolutionProperties) = preSolution
		HideSolutionNode = FALSE
	EndGlobalSection
	GlobalSection(ExtensibilityGlobals) = postSolution
		SolutionGuid = {09051805-38AD-476A-955A-19A29F048FE5}
	EndGlobalSection
EndGlobal
