
Microsoft Visual Studio Solution File, Format Version 12.00
# Visual Studio Version 16
VisualStudioVersion = 16.0.808.3
MinimumVisualStudioVersion = 10.0.40219.1
Project("{FAE04EC0-301F-11D3-BF4B-00C04F79EFBC}") = "juliestravelcalc", "juliestravelcalc.csproj", "{93AEF764-8432-493E-A9ED-0340E864D72A}"
EndProject
Global
	GlobalSection(SolutionConfigurationPlatforms) = preSolution
		Debug|Any CPU = Debug|Any CPU
		Release|Any CPU = Release|Any CPU
	EndGlobalSection
	GlobalSection(ProjectConfigurationPlatforms) = postSolution
		{93AEF764-8432-493E-A9ED-0340E864D72A}.Debug|Any CPU.ActiveCfg = Debug|Any CPU
		{93AEF764-8432-493E-A9ED-0340E864D72A}.Debug|Any CPU.Build.0 = Debug|Any CPU
		{93AEF764-8432-493E-A9ED-0340E864D72A}.Release|Any CPU.ActiveCfg = Release|Any CPU
		{93AEF764-8432-493E-A9ED-0340E864D72A}.Release|Any CPU.Build.0 = Release|Any CPU
	EndGlobalSection
	GlobalSection(SolutionProperties) = preSolution
		HideSolutionNode = FALSE
	EndGlobalSection
	GlobalSection(ExtensibilityGlobals) = postSolution
		SolutionGuid = {34632451-0A7A-4C32-B61C-B7A5A9B48ABA}
	EndGlobalSection
EndGlobal
