
Microsoft Visual Studio Solution File, Format Version 12.00
# Visual Studio Version 16
VisualStudioVersion = 16.0.808.3
MinimumVisualStudioVersion = 10.0.40219.1
Project("{FAE04EC0-301F-11D3-BF4B-00C04F79EFBC}") = "yo", "yo.csproj", "{13935BC5-C5EA-4712-BBF9-0ED8A0B25EF4}"
EndProject
Global
	GlobalSection(SolutionConfigurationPlatforms) = preSolution
		Debug|Any CPU = Debug|Any CPU
		Release|Any CPU = Release|Any CPU
	EndGlobalSection
	GlobalSection(ProjectConfigurationPlatforms) = postSolution
		{13935BC5-C5EA-4712-BBF9-0ED8A0B25EF4}.Debug|Any CPU.ActiveCfg = Debug|Any CPU
		{13935BC5-C5EA-4712-BBF9-0ED8A0B25EF4}.Debug|Any CPU.Build.0 = Debug|Any CPU
		{13935BC5-C5EA-4712-BBF9-0ED8A0B25EF4}.Release|Any CPU.ActiveCfg = Release|Any CPU
		{13935BC5-C5EA-4712-BBF9-0ED8A0B25EF4}.Release|Any CPU.Build.0 = Release|Any CPU
	EndGlobalSection
	GlobalSection(SolutionProperties) = preSolution
		HideSolutionNode = FALSE
	EndGlobalSection
	GlobalSection(ExtensibilityGlobals) = postSolution
		SolutionGuid = {56CFD1F0-7423-4702-8883-FB1C1D18D50A}
	EndGlobalSection
EndGlobal
